github.com/huin/goupnp v1.0.0 h1:wg75sLpL6DZqwHQN6E1Cfk6mtfzS45z8OV+ic+DtHRo=
github.com/huin/goupnp v1.0.0/go.mod h1:n9v9KO1tAxYH82qOn+UTIFQDmx5n1Zxd/ClZDMX7Bnc=
github.com/huin/goutil v0.0.0-20170803182201-1ca381bf3150/go.mod h1:PpLOETDnJ0o3iZrZfqZzyLl6l7F3c6L1oWn7OICBi6o=
github.com/mattn/go-runewidth v0.0.4 h1:2BvfKmzob6Bmd4YsL0zygOqfdFnK7GR4QL06Do4/p7Y=
github.com/mattn/go-runewidth v0.0.4/go.mod h1:LwmH8dsx7+W8Uxz3IHJYH5QSwggIsqBzpuz5H//U1FU=
github.com/nirmoy/smarttvctl v0.0.0-20190311215938-489b2a8be3a9 h1:hvKDwD3v0meXFVTEyqoq5W5g8/GfMrGz1OMgdgmazTk=
github.com/nirmoy/smarttvctl v0.0.0-20190311215938-489b2a8be3a9/go.mod h1:F/i4/sCyTHOokiekHKN8mqSY0oJL9aTykCjVbeezFhQ=
github.com/olekukonko/tablewriter v0.0.1 h1:b3iUnf1v+ppJiOfNX4yxxqfWKMQPZR5yoh8urCTFX88=
github.com/olekukonko/tablewriter v0.0.1/go.mod h1:vsDQFd/mU46D+Z4whnwzcISnGGzXWMclvtLoiIKAKIo=
github.com/spf13/cobra v0.0.3 h1:ZlrZ4XsMRm04Fr5pSFxBgfND2EBVa1nLpiy1stUsX/8=
github.com/spf13/cobra v0.0.3/go.mod h1:1l0Ry5zgKvJasoi3XT1TypsSe7PqH0Sj9dhYf7v3XqQ=
github.com/spf13/pflag v1.0.3 h1:zPAT6CGy6wXeQ7NtTnaTerfKOsV6V6F8agHXFiazDkg=
github.com/spf13/pflag v1.0.3/go.mod h1:DYY7MBk1bdzusC3SYhjObp+wFpr4gzcvqqNjLnInEg4=
golang.org/x/net v0.0.0-20181011144130-49bb7cea24b1 h1:Y/KGZSOdz/2r0WJ9Mkmz6NJBusp0kiNx1Cn82lzJQ6w=
golang.org/x/net v0.0.0-20181011144130-49bb7cea24b1/go.mod h1:mL1N/T3taQHkDXs73rZJwtUhF3w3ftmwwsq0BUmARs4=
golang.org/x/text v0.3.0 h1:g61tztE5qeGQ89tm6NTjjM9VPIm088od1l6aSorWRWg=
golang.org/x/text v0.3.0/go.mod h1:NqM8EUOU14njkJ3fqMW+pc6Ldnwhi/IjpwHt7yyuwOQ=
